// !$*UTF8*$!
{
	archiveVersion = 1;
	classes = {
	};
	objectVersion = 56;
	objects = {

/* Begin PBXBuildFile section */
		C14BB4862A52697A008FCB2E /* ExpenseApp.swift in Sources */ = {isa = PBXBuildFile; fileRef = C14BB4852A52697A008FCB2E /* ExpenseApp.swift */; };
		C14BB4882A52697A008FCB2E /* ContentView.swift in Sources */ = {isa = PBXBuildFile; fileRef = C14BB4872A52697A008FCB2E /* ContentView.swift */; };
		C14BB48A2A52697B008FCB2E /* Assets.xcassets in Resources */ = {isa = PBXBuildFile; fileRef = C14BB4892A52697B008FCB2E /* Assets.xcassets */; };
		C14BB48D2A52697B008FCB2E /* Preview Assets.xcassets in Resources */ = {isa = PBXBuildFile; fileRef = C14BB48C2A52697B008FCB2E /* Preview Assets.xcassets */; };
		C14BB4942A5269E0008FCB2E /* ExpenseItemModel.swift in Sources */ = {isa = PBXBuildFile; fileRef = C14BB4932A5269E0008FCB2E /* ExpenseItemModel.swift */; };
		C14BB4962A526FE9008FCB2E /* DetailView.swift in Sources */ = {isa = PBXBuildFile; fileRef = C14BB4952A526FE9008FCB2E /* DetailView.swift */; };
		C14BB4982A52E4CC008FCB2E /* ExpenseViewModel.swift in Sources */ = {isa = PBXBuildFile; fileRef = C14BB4972A52E4CC008FCB2E /* ExpenseViewModel.swift */; };
		C14BB49A2A53472D008FCB2E /* HomeView.swift in Sources */ = {isa = PBXBuildFile; fileRef = C14BB4992A53472D008FCB2E /* HomeView.swift */; };
		C14BB49F2A53EC73008FCB2E /* AddView.swift in Sources */ = {isa = PBXBuildFile; fileRef = C14BB49E2A53EC73008FCB2E /* AddView.swift */; };
		C14BB4A12A53EC80008FCB2E /* EditView.swift in Sources */ = {isa = PBXBuildFile; fileRef = C14BB4A02A53EC80008FCB2E /* EditView.swift */; };
		C14BB4A42A53F958008FCB2E /* DraftExpenseItem.swift in Sources */ = {isa = PBXBuildFile; fileRef = C14BB4A32A53F958008FCB2E /* DraftExpenseItem.swift */; };
		C14BB4A62A554FC5008FCB2E /* ExpenseItemView.swift in Sources */ = {isa = PBXBuildFile; fileRef = C14BB4A52A554FC5008FCB2E /* ExpenseItemView.swift */; };
		C14BB4AB2A557017008FCB2E /* LabelDemo.swift in Sources */ = {isa = PBXBuildFile; fileRef = C14BB4AA2A557017008FCB2E /* LabelDemo.swift */; };
/* End PBXBuildFile section */

/* Begin PBXFileReference section */
		C14BB4822A52697A008FCB2E /* Expense.app */ = {isa = PBXFileReference; explicitFileType = wrapper.application; includeInIndex = 0; path = Expense.app; sourceTree = BUILT_PRODUCTS_DIR; };
		C14BB4852A52697A008FCB2E /* ExpenseApp.swift */ = {isa = PBXFileReference; lastKnownFileType = sourcecode.swift; path = ExpenseApp.swift; sourceTree = "<group>"; };
		C14BB4872A52697A008FCB2E /* ContentView.swift */ = {isa = PBXFileReference; lastKnownFileType = sourcecode.swift; path = ContentView.swift; sourceTree = "<group>"; };
		C14BB4892A52697B008FCB2E /* Assets.xcassets */ = {isa = PBXFileReference; lastKnownFileType = folder.assetcatalog; path = Assets.xcassets; sourceTree = "<group>"; };
		C14BB48C2A52697B008FCB2E /* Preview Assets.xcassets */ = {isa = PBXFileReference; lastKnownFileType = folder.assetcatalog; path = "Preview Assets.xcassets"; sourceTree = "<group>"; };
		C14BB4932A5269E0008FCB2E /* ExpenseItemModel.swift */ = {isa = PBXFileReference; lastKnownFileType = sourcecode.swift; path = ExpenseItemModel.swift; sourceTree = "<group>"; };
		C14BB4952A526FE9008FCB2E /* DetailView.swift */ = {isa = PBXFileReference; lastKnownFileType = sourcecode.swift; path = DetailView.swift; sourceTree = "<group>"; };
		C14BB4972A52E4CC008FCB2E /* ExpenseViewModel.swift */ = {isa = PBXFileReference; lastKnownFileType = sourcecode.swift; path = ExpenseViewModel.swift; sourceTree = "<group>"; };
		C14BB4992A53472D008FCB2E /* HomeView.swift */ = {isa = PBXFileReference; lastKnownFileType = sourcecode.swift; path = HomeView.swift; sourceTree = "<group>"; };
		C14BB49E2A53EC73008FCB2E /* AddView.swift */ = {isa = PBXFileReference; lastKnownFileType = sourcecode.swift; path = AddView.swift; sourceTree = "<group>"; };
		C14BB4A02A53EC80008FCB2E /* EditView.swift */ = {isa = PBXFileReference; lastKnownFileType = sourcecode.swift; path = EditView.swift; sourceTree = "<group>"; };
		C14BB4A32A53F958008FCB2E /* DraftExpenseItem.swift */ = {isa = PBXFileReference; lastKnownFileType = sourcecode.swift; path = DraftExpenseItem.swift; sourceTree = "<group>"; };
		C14BB4A52A554FC5008FCB2E /* ExpenseItemView.swift */ = {isa = PBXFileReference; lastKnownFileType = sourcecode.swift; path = ExpenseItemView.swift; sourceTree = "<group>"; };
		C14BB4AA2A557017008FCB2E /* LabelDemo.swift */ = {isa = PBXFileReference; lastKnownFileType = sourcecode.swift; path = LabelDemo.swift; sourceTree = "<group>"; };
/* End PBXFileReference section */

/* Begin PBXFrameworksBuildPhase section */
		C14BB47F2A52697A008FCB2E /* Frameworks */ = {
			isa = PBXFrameworksBuildPhase;
			buildActionMask = 2147483647;
			files = (
			);
			runOnlyForDeploymentPostprocessing = 0;
		};
/* End PBXFrameworksBuildPhase section */

/* Begin PBXGroup section */
		C14BB4792A52697A008FCB2E = {
			isa = PBXGroup;
			children = (
				C14BB4842A52697A008FCB2E /* Expense */,
				C14BB4832A52697A008FCB2E /* Products */,
			);
			sourceTree = "<group>";
		};
		C14BB4832A52697A008FCB2E /* Products */ = {
			isa = PBXGroup;
			children = (
				C14BB4822A52697A008FCB2E /* Expense.app */,
			);
			name = Products;
			sourceTree = "<group>";
		};
		C14BB4842A52697A008FCB2E /* Expense */ = {
			isa = PBXGroup;
			children = (
				C14BB4852A52697A008FCB2E /* ExpenseApp.swift */,
				C14BB49B2A53AD2D008FCB2E /* Model */,
				C14BB49C2A53AD37008FCB2E /* ViewModel */,
				C14BB49D2A53AD45008FCB2E /* View */,
				C14BB4A22A53F051008FCB2E /* Abandoned */,
				C14BB4A72A556FDB008FCB2E /* common */,
				C14BB4892A52697B008FCB2E /* Assets.xcassets */,
				C14BB48B2A52697B008FCB2E /* Preview Content */,
			);
			path = Expense;
			sourceTree = "<group>";
		};
		C14BB48B2A52697B008FCB2E /* Preview Content */ = {
			isa = PBXGroup;
			children = (
				C14BB48C2A52697B008FCB2E /* Preview Assets.xcassets */,
			);
			path = "Preview Content";
			sourceTree = "<group>";
		};
		C14BB49B2A53AD2D008FCB2E /* Model */ = {
			isa = PBXGroup;
			children = (
				C14BB4932A5269E0008FCB2E /* ExpenseItemModel.swift */,
			);
			path = Model;
			sourceTree = "<group>";
		};
		C14BB49C2A53AD37008FCB2E /* ViewModel */ = {
			isa = PBXGroup;
			children = (
				C14BB4972A52E4CC008FCB2E /* ExpenseViewModel.swift */,
				C14BB4A32A53F958008FCB2E /* DraftExpenseItem.swift */,
			);
			path = ViewModel;
			sourceTree = "<group>";
		};
		C14BB49D2A53AD45008FCB2E /* View */ = {
			isa = PBXGroup;
			children = (
				C14BB4992A53472D008FCB2E /* HomeView.swift */,
				C14BB4872A52697A008FCB2E /* ContentView.swift */,
				C14BB4A52A554FC5008FCB2E /* ExpenseItemView.swift */,
				C14BB49E2A53EC73008FCB2E /* AddView.swift */,
				C14BB4A02A53EC80008FCB2E /* EditView.swift */,
			);
			path = View;
			sourceTree = "<group>";
		};
		C14BB4A22A53F051008FCB2E /* Abandoned */ = {
			isa = PBXGroup;
			children = (
				C14BB4952A526FE9008FCB2E /* DetailView.swift */,
			);
			path = Abandoned;
			sourceTree = "<group>";
		};
		C14BB4A72A556FDB008FCB2E /* common */ = {
			isa = PBXGroup;
			children = (
				C14BB4AA2A557017008FCB2E /* LabelDemo.swift */,
			);
			path = common;
			sourceTree = "<group>";
		};
/* End PBXGroup section */

/* Begin PBXNativeTarget section */
		C14BB4812A52697A008FCB2E /* Expense */ = {
			isa = PBXNativeTarget;
			buildConfigurationList = C14BB4902A52697B008FCB2E /* Build configuration list for PBXNativeTarget "Expense" */;
			buildPhases = (
				C14BB47E2A52697A008FCB2E /* Sources */,
				C14BB47F2A52697A008FCB2E /* Frameworks */,
				C14BB4802A52697A008FCB2E /* Resources */,
			);
			buildRules = (
			);
			dependencies = (
			);
			name = Expense;
			productName = Expense;
			productReference = C14BB4822A52697A008FCB2E /* Expense.app */;
			productType = "com.apple.product-type.application";
		};
/* End PBXNativeTarget section */

/* Begin PBXProject section */
		C14BB47A2A52697A008FCB2E /* Project object */ = {
			isa = PBXProject;
			attributes = {
				BuildIndependentTargetsInParallel = 1;
				LastSwiftUpdateCheck = 1430;
				LastUpgradeCheck = 1430;
				TargetAttributes = {
					C14BB4812A52697A008FCB2E = {
						CreatedOnToolsVersion = 14.3.1;
					};
				};
			};
			buildConfigurationList = C14BB47D2A52697A008FCB2E /* Build configuration list for PBXProject "Expense" */;
			compatibilityVersion = "Xcode 14.0";
			developmentRegion = en;
			hasScannedForEncodings = 0;
			knownRegions = (
				en,
				Base,
			);
			mainGroup = C14BB4792A52697A008FCB2E;
			productRefGroup = C14BB4832A52697A008FCB2E /* Products */;
			projectDirPath = "";
			projectRoot = "";
			targets = (
				C14BB4812A52697A008FCB2E /* Expense */,
			);
		};
/* End PBXProject section */

/* Begin PBXResourcesBuildPhase section */
		C14BB4802A52697A008FCB2E /* Resources */ = {
			isa = PBXResourcesBuildPhase;
			buildActionMask = 2147483647;
			files = (
				C14BB48D2A52697B008FCB2E /* Preview Assets.xcassets in Resources */,
				C14BB48A2A52697B008FCB2E /* Assets.xcassets in Resources */,
			);
			runOnlyForDeploymentPostprocessing = 0;
		};
/* End PBXResourcesBuildPhase section */

/* Begin PBXSourcesBuildPhase section */
		C14BB47E2A52697A008FCB2E /* Sources */ = {
			isa = PBXSourcesBuildPhase;
			buildActionMask = 2147483647;
			files = (
				C14BB49F2A53EC73008FCB2E /* AddView.swift in Sources */,
				C14BB4AB2A557017008FCB2E /* LabelDemo.swift in Sources */,
				C14BB4882A52697A008FCB2E /* ContentView.swift in Sources */,
				C14BB4A12A53EC80008FCB2E /* EditView.swift in Sources */,
				C14BB4962A526FE9008FCB2E /* DetailView.swift in Sources */,
				C14BB4942A5269E0008FCB2E /* ExpenseItemModel.swift in Sources */,
				C14BB49A2A53472D008FCB2E /* HomeView.swift in Sources */,
				C14BB4982A52E4CC008FCB2E /* ExpenseViewModel.swift in Sources */,
				C14BB4862A52697A008FCB2E /* ExpenseApp.swift in Sources */,
				C14BB4A62A554FC5008FCB2E /* ExpenseItemView.swift in Sources */,
				C14BB4A42A53F958008FCB2E /* DraftExpenseItem.swift in Sources */,
			);
			runOnlyForDeploymentPostprocessing = 0;
		};
/* End PBXSourcesBuildPhase section */

/* Begin XCBuildConfiguration section */
		C14BB48E2A52697B008FCB2E /* Debug */ = {
			isa = XCBuildConfiguration;
			buildSettings = {
				ALWAYS_SEARCH_USER_PATHS = NO;
				CLANG_ANALYZER_NONNULL = YES;
				CLANG_ANALYZER_NUMBER_OBJECT_CONVERSION = YES_AGGRESSIVE;
				CLANG_CXX_LANGUAGE_STANDARD = "gnu++20";
				CLANG_ENABLE_MODULES = YES;
				CLANG_ENABLE_OBJC_ARC = YES;
				CLANG_ENABLE_OBJC_WEAK = YES;
				CLANG_WARN_BLOCK_CAPTURE_AUTORELEASING = YES;
				CLANG_WARN_BOOL_CONVERSION = YES;
				CLANG_WARN_COMMA = YES;
				CLANG_WARN_CONSTANT_CONVERSION = YES;
				CLANG_WARN_DEPRECATED_OBJC_IMPLEMENTATIONS = YES;
				CLANG_WARN_DIRECT_OBJC_ISA_USAGE = YES_ERROR;
				CLANG_WARN_DOCUMENTATION_COMMENTS = YES;
				CLANG_WARN_EMPTY_BODY = YES;
				CLANG_WARN_ENUM_CONVERSION = YES;
				CLANG_WARN_INFINITE_RECURSION = YES;
				CLANG_WARN_INT_CONVERSION = YES;
				CLANG_WARN_NON_LITERAL_NULL_CONVERSION = YES;
				CLANG_WARN_OBJC_IMPLICIT_RETAIN_SELF = YES;
				CLANG_WARN_OBJC_LITERAL_CONVERSION = YES;
				CLANG_WARN_OBJC_ROOT_CLASS = YES_ERROR;
				CLANG_WARN_QUOTED_INCLUDE_IN_FRAMEWORK_HEADER = YES;
				CLANG_WARN_RANGE_LOOP_ANALYSIS = YES;
				CLANG_WARN_STRICT_PROTOTYPES = YES;
				CLANG_WARN_SUSPICIOUS_MOVE = YES;
				CLANG_WARN_UNGUARDED_AVAILABILITY = YES_AGGRESSIVE;
				CLANG_WARN_UNREACHABLE_CODE = YES;
				CLANG_WARN__DUPLICATE_METHOD_MATCH = YES;
				COPY_PHASE_STRIP = NO;
				DEBUG_INFORMATION_FORMAT = dwarf;
				ENABLE_STRICT_OBJC_MSGSEND = YES;
				ENABLE_TESTABILITY = YES;
				GCC_C_LANGUAGE_STANDARD = gnu11;
				GCC_DYNAMIC_NO_PIC = NO;
				GCC_NO_COMMON_BLOCKS = YES;
				GCC_OPTIMIZATION_LEVEL = 0;
				GCC_PREPROCESSOR_DEFINITIONS = (
					"DEBUG=1",
					"$(inherited)",
				);
				GCC_WARN_64_TO_32_BIT_CONVERSION = YES;
				GCC_WARN_ABOUT_RETURN_TYPE = YES_ERROR;
				GCC_WARN_UNDECLARED_SELECTOR = YES;
				GCC_WARN_UNINITIALIZED_AUTOS = YES_AGGRESSIVE;
				GCC_WARN_UNUSED_FUNCTION = YES;
				GCC_WARN_UNUSED_VARIABLE = YES;
				IPHONEOS_DEPLOYMENT_TARGET = 16.4;
				MTL_ENABLE_DEBUG_INFO = INCLUDE_SOURCE;
				MTL_FAST_MATH = YES;
				ONLY_ACTIVE_ARCH = YES;
				SDKROOT = iphoneos;
				SWIFT_ACTIVE_COMPILATION_CONDITIONS = DEBUG;
				SWIFT_OPTIMIZATION_LEVEL = "-Onone";
			};
			name = Debug;
		};
		C14BB48F2A52697B008FCB2E /* Release */ = {
			isa = XCBuildConfiguration;
			buildSettings = {
				ALWAYS_SEARCH_USER_PATHS = NO;
				CLANG_ANALYZER_NONNULL = YES;
				CLANG_ANALYZER_NUMBER_OBJECT_CONVERSION = YES_AGGRESSIVE;
				CLANG_CXX_LANGUAGE_STANDARD = "gnu++20";
				CLANG_ENABLE_MODULES = YES;
				CLANG_ENABLE_OBJC_ARC = YES;
				CLANG_ENABLE_OBJC_WEAK = YES;
				CLANG_WARN_BLOCK_CAPTURE_AUTORELEASING = YES;
				CLANG_WARN_BOOL_CONVERSION = YES;
				CLANG_WARN_COMMA = YES;
				CLANG_WARN_CONSTANT_CONVERSION = YES;
				CLANG_WARN_DEPRECATED_OBJC_IMPLEMENTATIONS = YES;
				CLANG_WARN_DIRECT_OBJC_ISA_USAGE = YES_ERROR;
				CLANG_WARN_DOCUMENTATION_COMMENTS = YES;
				CLANG_WARN_EMPTY_BODY = YES;
				CLANG_WARN_ENUM_CONVERSION = YES;
				CLANG_WARN_INFINITE_RECURSION = YES;
				CLANG_WARN_INT_CONVERSION = YES;
				CLANG_WARN_NON_LITERAL_NULL_CONVERSION = YES;
				CLANG_WARN_OBJC_IMPLICIT_RETAIN_SELF = YES;
				CLANG_WARN_OBJC_LITERAL_CONVERSION = YES;
				CLANG_WARN_OBJC_ROOT_CLASS = YES_ERROR;
				CLANG_WARN_QUOTED_INCLUDE_IN_FRAMEWORK_HEADER = YES;
				CLANG_WARN_RANGE_LOOP_ANALYSIS = YES;
				CLANG_WARN_STRICT_PROTOTYPES = YES;
				CLANG_WARN_SUSPICIOUS_MOVE = YES;
				CLANG_WARN_UNGUARDED_AVAILABILITY = YES_AGGRESSIVE;
				CLANG_WARN_UNREACHABLE_CODE = YES;
				CLANG_WARN__DUPLICATE_METHOD_MATCH = YES;
				COPY_PHASE_STRIP = NO;
				DEBUG_INFORMATION_FORMAT = "dwarf-with-dsym";
				ENABLE_NS_ASSERTIONS = NO;
				ENABLE_STRICT_OBJC_MSGSEND = YES;
				GCC_C_LANGUAGE_STANDARD = gnu11;
				GCC_NO_COMMON_BLOCKS = YES;
				GCC_WARN_64_TO_32_BIT_CONVERSION = YES;
				GCC_WARN_ABOUT_RETURN_TYPE = YES_ERROR;
				GCC_WARN_UNDECLARED_SELECTOR = YES;
				GCC_WARN_UNINITIALIZED_AUTOS = YES_AGGRESSIVE;
				GCC_WARN_UNUSED_FUNCTION = YES;
				GCC_WARN_UNUSED_VARIABLE = YES;
				IPHONEOS_DEPLOYMENT_TARGET = 16.4;
				MTL_ENABLE_DEBUG_INFO = NO;
				MTL_FAST_MATH = YES;
				SDKROOT = iphoneos;
				SWIFT_COMPILATION_MODE = wholemodule;
				SWIFT_OPTIMIZATION_LEVEL = "-O";
				VALIDATE_PRODUCT = YES;
			};
			name = Release;
		};
		C14BB4912A52697B008FCB2E /* Debug */ = {
			isa = XCBuildConfiguration;
			buildSettings = {
				ASSETCATALOG_COMPILER_APPICON_NAME = AppIcon;
				ASSETCATALOG_COMPILER_GLOBAL_ACCENT_COLOR_NAME = AccentColor;
				CODE_SIGN_STYLE = Automatic;
				CURRENT_PROJECT_VERSION = 1;
				DEVELOPMENT_ASSET_PATHS = "\"Expense/Preview Content\"";
				ENABLE_PREVIEWS = YES;
				GENERATE_INFOPLIST_FILE = YES;
				INFOPLIST_KEY_UIApplicationSceneManifest_Generation = YES;
				INFOPLIST_KEY_UIApplicationSupportsIndirectInputEvents = YES;
				INFOPLIST_KEY_UILaunchScreen_Generation = YES;
				INFOPLIST_KEY_UISupportedInterfaceOrientations_iPad = "UIInterfaceOrientationPortrait UIInterfaceOrientationPortraitUpsideDown UIInterfaceOrientationLandscapeLeft UIInterfaceOrientationLandscapeRight";
				INFOPLIST_KEY_UISupportedInterfaceOrientations_iPhone = "UIInterfaceOrientationPortrait UIInterfaceOrientationLandscapeLeft UIInterfaceOrientationLandscapeRight";
				LD_RUNPATH_SEARCH_PATHS = (
					"$(inherited)",
					"@executable_path/Frameworks",
				);
				MARKETING_VERSION = 1.0;
				PRODUCT_BUNDLE_IDENTIFIER = com.HWB.Expense;
				PRODUCT_NAME = "$(TARGET_NAME)";
				SWIFT_EMIT_LOC_STRINGS = YES;
				SWIFT_VERSION = 5.0;
				TARGETED_DEVICE_FAMILY = "1,2";
			};
			name = Debug;
		};
		C14BB4922A52697B008FCB2E /* Release */ = {
			isa = XCBuildConfiguration;
			buildSettings = {
				ASSETCATALOG_COMPILER_APPICON_NAME = AppIcon;
				ASSETCATALOG_COMPILER_GLOBAL_ACCENT_COLOR_NAME = AccentColor;
				CODE_SIGN_STYLE = Automatic;
				CURRENT_PROJECT_VERSION = 1;
				DEVELOPMENT_ASSET_PATHS = "\"Expense/Preview Content\"";
				ENABLE_PREVIEWS = YES;
				GENERATE_INFOPLIST_FILE = YES;
				INFOPLIST_KEY_UIApplicationSceneManifest_Generation = YES;
				INFOPLIST_KEY_UIApplicationSupportsIndirectInputEvents = YES;
				INFOPLIST_KEY_UILaunchScreen_Generation = YES;
				INFOPLIST_KEY_UISupportedInterfaceOrientations_iPad = "UIInterfaceOrientationPortrait UIInterfaceOrientationPortraitUpsideDown UIInterfaceOrientationLandscapeLeft UIInterfaceOrientationLandscapeRight";
				INFOPLIST_KEY_UISupportedInterfaceOrientations_iPhone = "UIInterfaceOrientationPortrait UIInterfaceOrientationLandscapeLeft UIInterfaceOrientationLandscapeRight";
				LD_RUNPATH_SEARCH_PATHS = (
					"$(inherited)",
					"@executable_path/Frameworks",
				);
				MARKETING_VERSION = 1.0;
				PRODUCT_BUNDLE_IDENTIFIER = com.HWB.Expense;
				PRODUCT_NAME = "$(TARGET_NAME)";
				SWIFT_EMIT_LOC_STRINGS = YES;
				SWIFT_VERSION = 5.0;
				TARGETED_DEVICE_FAMILY = "1,2";
			};
			name = Release;
		};
/* End XCBuildConfiguration section */

/* Begin XCConfigurationList section */
		C14BB47D2A52697A008FCB2E /* Build configuration list for PBXProject "Expense" */ = {
			isa = XCConfigurationList;
			buildConfigurations = (
				C14BB48E2A52697B008FCB2E /* Debug */,
				C14BB48F2A52697B008FCB2E /* Release */,
			);
			defaultConfigurationIsVisible = 0;
			defaultConfigurationName = Release;
		};
		C14BB4902A52697B008FCB2E /* Build configuration list for PBXNativeTarget "Expense" */ = {
			isa = XCConfigurationList;
			buildConfigurations = (
				C14BB4912A52697B008FCB2E /* Debug */,
				C14BB4922A52697B008FCB2E /* Release */,
			);
			defaultConfigurationIsVisible = 0;
			defaultConfigurationName = Release;
		};
/* End XCConfigurationList section */
	};
	rootObject = C14BB47A2A52697A008FCB2E /* Project object */;
}
